
Microsoft Visual Studio Solution File, Format Version 12.00
# Visual Studio Version 16
VisualStudioVersion = 16.0.31424.327
MinimumVisualStudioVersion = 10.0.40219.1
Project("{FAE04EC0-301F-11D3-BF4B-00C04F79EFBC}") = "1-PrimeiroProjeto", "1-PrimeiroProjeto\1-PrimeiroProjeto.csproj", "{7D474BF9-CB03-440B-84B1-E81F6F161DED}"
EndProject
Project("{FAE04EC0-301F-11D3-BF4B-00C04F79EFBC}") = "2-CriandoVariaveis", "2-CriandoVariaveis\2-CriandoVariaveis.csproj", "{F4DD31C3-4A75-418F-92FD-27A6ECDEE9D3}"
EndProject
Project("{FAE04EC0-301F-11D3-BF4B-00C04F79EFBC}") = "3-CriandoVariaveisPontoFlutuante", "3-CriandoVariaveisPontoFlutuante\3-CriandoVariaveisPontoFlutuante.csproj", "{D76BC68C-6444-4D1D-B7A2-E04EDFDEA8CF}"
EndProject
Project("{FAE04EC0-301F-11D3-BF4B-00C04F79EFBC}") = "4-ConversoesEOutrosTiposNumericos", "4-ConversoesEOutrosTiposNumericos\4-ConversoesEOutrosTiposNumericos.csproj", "{FE9597E7-0B6A-40CE-966A-7D2A1D74A305}"
EndProject
Project("{FAE04EC0-301F-11D3-BF4B-00C04F79EFBC}") = "5-CaracteresETextos", "5-CaracteresETextos\5-CaracteresETextos.csproj", "{8DF116A1-46F7-4B5A-A5F1-2A3277053C5E}"
EndProject
Project("{FAE04EC0-301F-11D3-BF4B-00C04F79EFBC}") = "6-AtributosDeVariaveis", "6-AtributosDeVariaveis\6-AtributosDeVariaveis.csproj", "{511F0FCB-3616-4589-B545-C086327292EB}"
EndProject
Project("{FAE04EC0-301F-11D3-BF4B-00C04F79EFBC}") = "7-Condicionais", "7-Condicionais\7-Condicionais.csproj", "{F4C28189-503B-4599-A782-DA12B18BCFFF}"
EndProject
Project("{FAE04EC0-301F-11D3-BF4B-00C04F79EFBC}") = "8-Condicionais2", "8-Condicionais2\8-Condicionais2.csproj", "{B3AEEDC9-6E9F-4184-906E-697FCFD1ACF5}"
EndProject
Project("{FAE04EC0-301F-11D3-BF4B-00C04F79EFBC}") = "9-Escopo", "9-Escopo\9-Escopo.csproj", "{3C7578BF-024E-4040-BBEF-67680EE6E412}"
EndProject
Project("{FAE04EC0-301F-11D3-BF4B-00C04F79EFBC}") = "10-switch", "10-switch\10-switch.csproj", "{D0836B96-6BC2-4F0A-941D-114CE58D4D54}"
EndProject
Project("{FAE04EC0-301F-11D3-BF4B-00C04F79EFBC}") = "P10 - CalculaPoupança", "P10 - CalculaPoupança\P10 - CalculaPoupança.csproj", "{02B00797-1B40-4FD2-B74E-DAA78370BE08}"
EndProject
Project("{FAE04EC0-301F-11D3-BF4B-00C04F79EFBC}") = "P11 - CalculaPoupança", "P11 - CalculaPoupança\P11 - CalculaPoupança.csproj", "{39D3DA5D-C145-4ED5-A992-A01F520126EC}"
EndProject
Project("{FAE04EC0-301F-11D3-BF4B-00C04F79EFBC}") = "P12 - CalculaInvestimentoLongoPrazo", "P12 - CalculaInvestimentoLongoPrazo\P12 - CalculaInvestimentoLongoPrazo.csproj", "{88B47B7E-B7DD-4C77-AC41-40387D46AA74}"
EndProject
Project("{FAE04EC0-301F-11D3-BF4B-00C04F79EFBC}") = "P13 - ForEncadeado", "P13 - ForEncadeado\P13 - ForEncadeado.csproj", "{079A098C-21D3-4332-8AC4-ADE5A12E2D6F}"
EndProject
Global
	GlobalSection(SolutionConfigurationPlatforms) = preSolution
		Debug|Any CPU = Debug|Any CPU
		Release|Any CPU = Release|Any CPU
	EndGlobalSection
	GlobalSection(ProjectConfigurationPlatforms) = postSolution
		{7D474BF9-CB03-440B-84B1-E81F6F161DED}.Debug|Any CPU.ActiveCfg = Debug|Any CPU
		{7D474BF9-CB03-440B-84B1-E81F6F161DED}.Debug|Any CPU.Build.0 = Debug|Any CPU
		{7D474BF9-CB03-440B-84B1-E81F6F161DED}.Release|Any CPU.ActiveCfg = Release|Any CPU
		{7D474BF9-CB03-440B-84B1-E81F6F161DED}.Release|Any CPU.Build.0 = Release|Any CPU
		{F4DD31C3-4A75-418F-92FD-27A6ECDEE9D3}.Debug|Any CPU.ActiveCfg = Debug|Any CPU
		{F4DD31C3-4A75-418F-92FD-27A6ECDEE9D3}.Debug|Any CPU.Build.0 = Debug|Any CPU
		{F4DD31C3-4A75-418F-92FD-27A6ECDEE9D3}.Release|Any CPU.ActiveCfg = Release|Any CPU
		{F4DD31C3-4A75-418F-92FD-27A6ECDEE9D3}.Release|Any CPU.Build.0 = Release|Any CPU
		{D76BC68C-6444-4D1D-B7A2-E04EDFDEA8CF}.Debug|Any CPU.ActiveCfg = Debug|Any CPU
		{D76BC68C-6444-4D1D-B7A2-E04EDFDEA8CF}.Debug|Any CPU.Build.0 = Debug|Any CPU
		{D76BC68C-6444-4D1D-B7A2-E04EDFDEA8CF}.Release|Any CPU.ActiveCfg = Release|Any CPU
		{D76BC68C-6444-4D1D-B7A2-E04EDFDEA8CF}.Release|Any CPU.Build.0 = Release|Any CPU
		{FE9597E7-0B6A-40CE-966A-7D2A1D74A305}.Debug|Any CPU.ActiveCfg = Debug|Any CPU
		{FE9597E7-0B6A-40CE-966A-7D2A1D74A305}.Debug|Any CPU.Build.0 = Debug|Any CPU
		{FE9597E7-0B6A-40CE-966A-7D2A1D74A305}.Release|Any CPU.ActiveCfg = Release|Any CPU
		{FE9597E7-0B6A-40CE-966A-7D2A1D74A305}.Release|Any CPU.Build.0 = Release|Any CPU
		{8DF116A1-46F7-4B5A-A5F1-2A3277053C5E}.Debug|Any CPU.ActiveCfg = Debug|Any CPU
		{8DF116A1-46F7-4B5A-A5F1-2A3277053C5E}.Debug|Any CPU.Build.0 = Debug|Any CPU
		{8DF116A1-46F7-4B5A-A5F1-2A3277053C5E}.Release|Any CPU.ActiveCfg = Release|Any CPU
		{8DF116A1-46F7-4B5A-A5F1-2A3277053C5E}.Release|Any CPU.Build.0 = Release|Any CPU
		{511F0FCB-3616-4589-B545-C086327292EB}.Debug|Any CPU.ActiveCfg = Debug|Any CPU
		{511F0FCB-3616-4589-B545-C086327292EB}.Debug|Any CPU.Build.0 = Debug|Any CPU
		{511F0FCB-3616-4589-B545-C086327292EB}.Release|Any CPU.ActiveCfg = Release|Any CPU
		{511F0FCB-3616-4589-B545-C086327292EB}.Release|Any CPU.Build.0 = Release|Any CPU
		{F4C28189-503B-4599-A782-DA12B18BCFFF}.Debug|Any CPU.ActiveCfg = Debug|Any CPU
		{F4C28189-503B-4599-A782-DA12B18BCFFF}.Debug|Any CPU.Build.0 = Debug|Any CPU
		{F4C28189-503B-4599-A782-DA12B18BCFFF}.Release|Any CPU.ActiveCfg = Release|Any CPU
		{F4C28189-503B-4599-A782-DA12B18BCFFF}.Release|Any CPU.Build.0 = Release|Any CPU
		{B3AEEDC9-6E9F-4184-906E-697FCFD1ACF5}.Debug|Any CPU.ActiveCfg = Debug|Any CPU
		{B3AEEDC9-6E9F-4184-906E-697FCFD1ACF5}.Debug|Any CPU.Build.0 = Debug|Any CPU
		{B3AEEDC9-6E9F-4184-906E-697FCFD1ACF5}.Release|Any CPU.ActiveCfg = Release|Any CPU
		{B3AEEDC9-6E9F-4184-906E-697FCFD1ACF5}.Release|Any CPU.Build.0 = Release|Any CPU
		{3C7578BF-024E-4040-BBEF-67680EE6E412}.Debug|Any CPU.ActiveCfg = Debug|Any CPU
		{3C7578BF-024E-4040-BBEF-67680EE6E412}.Debug|Any CPU.Build.0 = Debug|Any CPU
		{3C7578BF-024E-4040-BBEF-67680EE6E412}.Release|Any CPU.ActiveCfg = Release|Any CPU
		{3C7578BF-024E-4040-BBEF-67680EE6E412}.Release|Any CPU.Build.0 = Release|Any CPU
		{D0836B96-6BC2-4F0A-941D-114CE58D4D54}.Debug|Any CPU.ActiveCfg = Debug|Any CPU
		{D0836B96-6BC2-4F0A-941D-114CE58D4D54}.Debug|Any CPU.Build.0 = Debug|Any CPU
		{D0836B96-6BC2-4F0A-941D-114CE58D4D54}.Release|Any CPU.ActiveCfg = Release|Any CPU
		{D0836B96-6BC2-4F0A-941D-114CE58D4D54}.Release|Any CPU.Build.0 = Release|Any CPU
		{02B00797-1B40-4FD2-B74E-DAA78370BE08}.Debug|Any CPU.ActiveCfg = Debug|Any CPU
		{02B00797-1B40-4FD2-B74E-DAA78370BE08}.Debug|Any CPU.Build.0 = Debug|Any CPU
		{02B00797-1B40-4FD2-B74E-DAA78370BE08}.Release|Any CPU.ActiveCfg = Release|Any CPU
		{02B00797-1B40-4FD2-B74E-DAA78370BE08}.Release|Any CPU.Build.0 = Release|Any CPU
		{39D3DA5D-C145-4ED5-A992-A01F520126EC}.Debug|Any CPU.ActiveCfg = Debug|Any CPU
		{39D3DA5D-C145-4ED5-A992-A01F520126EC}.Debug|Any CPU.Build.0 = Debug|Any CPU
		{39D3DA5D-C145-4ED5-A992-A01F520126EC}.Release|Any CPU.ActiveCfg = Release|Any CPU
		{39D3DA5D-C145-4ED5-A992-A01F520126EC}.Release|Any CPU.Build.0 = Release|Any CPU
		{88B47B7E-B7DD-4C77-AC41-40387D46AA74}.Debug|Any CPU.ActiveCfg = Debug|Any CPU
		{88B47B7E-B7DD-4C77-AC41-40387D46AA74}.Debug|Any CPU.Build.0 = Debug|Any CPU
		{88B47B7E-B7DD-4C77-AC41-40387D46AA74}.Release|Any CPU.ActiveCfg = Release|Any CPU
		{88B47B7E-B7DD-4C77-AC41-40387D46AA74}.Release|Any CPU.Build.0 = Release|Any CPU
		{079A098C-21D3-4332-8AC4-ADE5A12E2D6F}.Debug|Any CPU.ActiveCfg = Debug|Any CPU
		{079A098C-21D3-4332-8AC4-ADE5A12E2D6F}.Debug|Any CPU.Build.0 = Debug|Any CPU
		{079A098C-21D3-4332-8AC4-ADE5A12E2D6F}.Release|Any CPU.ActiveCfg = Release|Any CPU
		{079A098C-21D3-4332-8AC4-ADE5A12E2D6F}.Release|Any CPU.Build.0 = Release|Any CPU
	EndGlobalSection
	GlobalSection(SolutionProperties) = preSolution
		HideSolutionNode = FALSE
	EndGlobalSection
	GlobalSection(ExtensibilityGlobals) = postSolution
		SolutionGuid = {D36B160A-F134-4883-96D6-36204E5C885A}
	EndGlobalSection
EndGlobal
