
Microsoft Visual Studio Solution File, Format Version 12.00
# Visual Studio Version 16
VisualStudioVersion = 16.0.31424.327
MinimumVisualStudioVersion = 10.0.40219.1
Project("{FAE04EC0-301F-11D3-BF4B-00C04F79EFBC}") = "01-ByteBank", "01-ByteBank\01-ByteBank.csproj", "{E74D22CD-D6ED-45BC-9BB3-73CCCCC8BC6D}"
EndProject
Project("{FAE04EC0-301F-11D3-BF4B-00C04F79EFBC}") = "02-ByteBank", "02-ByteBank\02-ByteBank.csproj", "{0309C75C-ABE2-4293-9855-FA0B9505C580}"
EndProject
Project("{FAE04EC0-301F-11D3-BF4B-00C04F79EFBC}") = "03-ByteBank", "03-ByteBank\03-ByteBank.csproj", "{A05DCE40-D9EB-477B-BBA1-C108B4D31E58}"
EndProject
Project("{FAE04EC0-301F-11D3-BF4B-00C04F79EFBC}") = "04-ByteBank", "04-ByteBank\04-ByteBank.csproj", "{735F48AD-B43E-40A7-8553-0AA14D262063}"
EndProject
Project("{FAE04EC0-301F-11D3-BF4B-00C04F79EFBC}") = "05-ByteBank", "05-ByteBank\05-ByteBank.csproj", "{3B1D3DDE-1B09-4262-BB9C-E8AB0DEDD002}"
EndProject
Project("{FAE04EC0-301F-11D3-BF4B-00C04F79EFBC}") = "06-ByteBank", "06-ByteBank\06-ByteBank.csproj", "{5BE894B0-9162-481B-B50B-71C65D0FC9AF}"
EndProject
Global
	GlobalSection(SolutionConfigurationPlatforms) = preSolution
		Debug|Any CPU = Debug|Any CPU
		Release|Any CPU = Release|Any CPU
	EndGlobalSection
	GlobalSection(ProjectConfigurationPlatforms) = postSolution
		{E74D22CD-D6ED-45BC-9BB3-73CCCCC8BC6D}.Debug|Any CPU.ActiveCfg = Debug|Any CPU
		{E74D22CD-D6ED-45BC-9BB3-73CCCCC8BC6D}.Debug|Any CPU.Build.0 = Debug|Any CPU
		{E74D22CD-D6ED-45BC-9BB3-73CCCCC8BC6D}.Release|Any CPU.ActiveCfg = Release|Any CPU
		{E74D22CD-D6ED-45BC-9BB3-73CCCCC8BC6D}.Release|Any CPU.Build.0 = Release|Any CPU
		{0309C75C-ABE2-4293-9855-FA0B9505C580}.Debug|Any CPU.ActiveCfg = Debug|Any CPU
		{0309C75C-ABE2-4293-9855-FA0B9505C580}.Debug|Any CPU.Build.0 = Debug|Any CPU
		{0309C75C-ABE2-4293-9855-FA0B9505C580}.Release|Any CPU.ActiveCfg = Release|Any CPU
		{0309C75C-ABE2-4293-9855-FA0B9505C580}.Release|Any CPU.Build.0 = Release|Any CPU
		{A05DCE40-D9EB-477B-BBA1-C108B4D31E58}.Debug|Any CPU.ActiveCfg = Debug|Any CPU
		{A05DCE40-D9EB-477B-BBA1-C108B4D31E58}.Debug|Any CPU.Build.0 = Debug|Any CPU
		{A05DCE40-D9EB-477B-BBA1-C108B4D31E58}.Release|Any CPU.ActiveCfg = Release|Any CPU
		{A05DCE40-D9EB-477B-BBA1-C108B4D31E58}.Release|Any CPU.Build.0 = Release|Any CPU
		{735F48AD-B43E-40A7-8553-0AA14D262063}.Debug|Any CPU.ActiveCfg = Debug|Any CPU
		{735F48AD-B43E-40A7-8553-0AA14D262063}.Debug|Any CPU.Build.0 = Debug|Any CPU
		{735F48AD-B43E-40A7-8553-0AA14D262063}.Release|Any CPU.ActiveCfg = Release|Any CPU
		{735F48AD-B43E-40A7-8553-0AA14D262063}.Release|Any CPU.Build.0 = Release|Any CPU
		{3B1D3DDE-1B09-4262-BB9C-E8AB0DEDD002}.Debug|Any CPU.ActiveCfg = Debug|Any CPU
		{3B1D3DDE-1B09-4262-BB9C-E8AB0DEDD002}.Debug|Any CPU.Build.0 = Debug|Any CPU
		{3B1D3DDE-1B09-4262-BB9C-E8AB0DEDD002}.Release|Any CPU.ActiveCfg = Release|Any CPU
		{3B1D3DDE-1B09-4262-BB9C-E8AB0DEDD002}.Release|Any CPU.Build.0 = Release|Any CPU
		{5BE894B0-9162-481B-B50B-71C65D0FC9AF}.Debug|Any CPU.ActiveCfg = Debug|Any CPU
		{5BE894B0-9162-481B-B50B-71C65D0FC9AF}.Debug|Any CPU.Build.0 = Debug|Any CPU
		{5BE894B0-9162-481B-B50B-71C65D0FC9AF}.Release|Any CPU.ActiveCfg = Release|Any CPU
		{5BE894B0-9162-481B-B50B-71C65D0FC9AF}.Release|Any CPU.Build.0 = Release|Any CPU
	EndGlobalSection
	GlobalSection(SolutionProperties) = preSolution
		HideSolutionNode = FALSE
	EndGlobalSection
	GlobalSection(ExtensibilityGlobals) = postSolution
		SolutionGuid = {7BD235DF-E256-4A44-AF25-8B69933F0572}
	EndGlobalSection
EndGlobal
